
Microsoft Visual Studio Solution File, Format Version 12.00
# Visual Studio Version 16
VisualStudioVersion = 16.0.29215.179
MinimumVisualStudioVersion = 10.0.40219.1
Project("{FAE04EC0-301F-11D3-BF4B-00C04F79EFBC}") = "Practica6CS", "Practica6CS\Practica6CS.csproj", "{0562854C-7766-4FCA-9D3A-7865F4DA293F}"
EndProject
Project("{FAE04EC0-301F-11D3-BF4B-00C04F79EFBC}") = "Practica 7CS", "Practica 7CS\Practica 7CS.csproj", "{19A9D6A6-9870-4E6C-B298-C2C146453F21}"
EndProject
Global
	GlobalSection(SolutionConfigurationPlatforms) = preSolution
		Debug|Any CPU = Debug|Any CPU
		Release|Any CPU = Release|Any CPU
	EndGlobalSection
	GlobalSection(ProjectConfigurationPlatforms) = postSolution
		{0562854C-7766-4FCA-9D3A-7865F4DA293F}.Debug|Any CPU.ActiveCfg = Debug|Any CPU
		{0562854C-7766-4FCA-9D3A-7865F4DA293F}.Debug|Any CPU.Build.0 = Debug|Any CPU
		{0562854C-7766-4FCA-9D3A-7865F4DA293F}.Release|Any CPU.ActiveCfg = Release|Any CPU
		{0562854C-7766-4FCA-9D3A-7865F4DA293F}.Release|Any CPU.Build.0 = Release|Any CPU
		{19A9D6A6-9870-4E6C-B298-C2C146453F21}.Debug|Any CPU.ActiveCfg = Debug|Any CPU
		{19A9D6A6-9870-4E6C-B298-C2C146453F21}.Debug|Any CPU.Build.0 = Debug|Any CPU
		{19A9D6A6-9870-4E6C-B298-C2C146453F21}.Release|Any CPU.ActiveCfg = Release|Any CPU
		{19A9D6A6-9870-4E6C-B298-C2C146453F21}.Release|Any CPU.Build.0 = Release|Any CPU
	EndGlobalSection
	GlobalSection(SolutionProperties) = preSolution
		HideSolutionNode = FALSE
	EndGlobalSection
	GlobalSection(ExtensibilityGlobals) = postSolution
		SolutionGuid = {9BCC2EEA-87B9-4D91-AEFA-899568945E22}
	EndGlobalSection
EndGlobal
